// !$*UTF8*$!
{
	archiveVersion = 1;
	classes = {
	};
	objectVersion = 51;
	objects = {

/* Begin PBXBuildFile section */
		5974F5E1251266C000351AB2 /* AppDelegate.m in Sources */ = {isa = PBXBuildFile; fileRef = 5974F5E0251266C000351AB2 /* AppDelegate.m */; };
		5974F5E4251266C000351AB2 /* SceneDelegate.m in Sources */ = {isa = PBXBuildFile; fileRef = 5974F5E3251266C000351AB2 /* SceneDelegate.m */; };
		5974F5E7251266C000351AB2 /* ViewController.m in Sources */ = {isa = PBXBuildFile; fileRef = 5974F5E6251266C000351AB2 /* ViewController.m */; };
		5974F5EA251266C000351AB2 /* Main.storyboard in Resources */ = {isa = PBXBuildFile; fileRef = 5974F5E8251266C000351AB2 /* Main.storyboard */; };
		5974F5EC251266C200351AB2 /* Assets.xcassets in Resources */ = {isa = PBXBuildFile; fileRef = 5974F5EB251266C200351AB2 /* Assets.xcassets */; };
		5974F5EF251266C200351AB2 /* LaunchScreen.storyboard in Resources */ = {isa = PBXBuildFile; fileRef = 5974F5ED251266C200351AB2 /* LaunchScreen.storyboard */; };
		5974F5F2251266C200351AB2 /* main.m in Sources */ = {isa = PBXBuildFile; fileRef = 5974F5F1251266C200351AB2 /* main.m */; };
		59BC48BD251792470024CDC5 /* ImplusPurchases.framework in Frameworks */ = {isa = PBXBuildFile; fileRef = 59BC48BC251792470024CDC5 /* ImplusPurchases.framework */; };
/* End PBXBuildFile section */

/* Begin PBXCopyFilesBuildPhase section */
		5922251725127F35002724A8 /* Embed Frameworks */ = {
			isa = PBXCopyFilesBuildPhase;
			buildActionMask = 2147483647;
			dstPath = "";
			dstSubfolderSpec = 10;
			files = (
			);
			name = "Embed Frameworks";
			runOnlyForDeploymentPostprocessing = 0;
		};
/* End PBXCopyFilesBuildPhase section */

/* Begin PBXFileReference section */
		4F14950807B2135AB02149AD /* Pods-ImplusPurchasesSDK.debug.xcconfig */ = {isa = PBXFileReference; includeInIndex = 1; lastKnownFileType = text.xcconfig; name = "Pods-ImplusPurchasesSDK.debug.xcconfig"; path = "Target Support Files/Pods-ImplusPurchasesSDK/Pods-ImplusPurchasesSDK.debug.xcconfig"; sourceTree = "<group>"; };
		5974F5DC251266C000351AB2 /* ImplusPurchasesSDK.app */ = {isa = PBXFileReference; explicitFileType = wrapper.application; includeInIndex = 0; path = ImplusPurchasesSDK.app; sourceTree = BUILT_PRODUCTS_DIR; };
		5974F5DF251266C000351AB2 /* AppDelegate.h */ = {isa = PBXFileReference; lastKnownFileType = sourcecode.c.h; path = AppDelegate.h; sourceTree = "<group>"; };
		5974F5E0251266C000351AB2 /* AppDelegate.m */ = {isa = PBXFileReference; lastKnownFileType = sourcecode.c.objc; path = AppDelegate.m; sourceTree = "<group>"; };
		5974F5E2251266C000351AB2 /* SceneDelegate.h */ = {isa = PBXFileReference; lastKnownFileType = sourcecode.c.h; path = SceneDelegate.h; sourceTree = "<group>"; };
		5974F5E3251266C000351AB2 /* SceneDelegate.m */ = {isa = PBXFileReference; lastKnownFileType = sourcecode.c.objc; path = SceneDelegate.m; sourceTree = "<group>"; };
		5974F5E5251266C000351AB2 /* ViewController.h */ = {isa = PBXFileReference; lastKnownFileType = sourcecode.c.h; path = ViewController.h; sourceTree = "<group>"; };
		5974F5E6251266C000351AB2 /* ViewController.m */ = {isa = PBXFileReference; lastKnownFileType = sourcecode.c.objc; path = ViewController.m; sourceTree = "<group>"; };
		5974F5E9251266C000351AB2 /* Base */ = {isa = PBXFileReference; lastKnownFileType = file.storyboard; name = Base; path = Base.lproj/Main.storyboard; sourceTree = "<group>"; };
		5974F5EB251266C200351AB2 /* Assets.xcassets */ = {isa = PBXFileReference; lastKnownFileType = folder.assetcatalog; path = Assets.xcassets; sourceTree = "<group>"; };
		5974F5EE251266C200351AB2 /* Base */ = {isa = PBXFileReference; lastKnownFileType = file.storyboard; name = Base; path = Base.lproj/LaunchScreen.storyboard; sourceTree = "<group>"; };
		5974F5F0251266C200351AB2 /* Info.plist */ = {isa = PBXFileReference; lastKnownFileType = text.plist.xml; path = Info.plist; sourceTree = "<group>"; };
		5974F5F1251266C200351AB2 /* main.m */ = {isa = PBXFileReference; lastKnownFileType = sourcecode.c.objc; path = main.m; sourceTree = "<group>"; };
		59BC48BC251792470024CDC5 /* ImplusPurchases.framework */ = {isa = PBXFileReference; lastKnownFileType = wrapper.framework; path = ImplusPurchases.framework; sourceTree = "<group>"; };
		856A990B9CF85EC6C3FB962E /* Pods_ImplusPurchasesSDK.framework */ = {isa = PBXFileReference; explicitFileType = wrapper.framework; includeInIndex = 0; path = Pods_ImplusPurchasesSDK.framework; sourceTree = BUILT_PRODUCTS_DIR; };
		F4E154E3417BBE700EC134F7 /* Pods-ImplusPurchasesSDK.release.xcconfig */ = {isa = PBXFileReference; includeInIndex = 1; lastKnownFileType = text.xcconfig; name = "Pods-ImplusPurchasesSDK.release.xcconfig"; path = "Target Support Files/Pods-ImplusPurchasesSDK/Pods-ImplusPurchasesSDK.release.xcconfig"; sourceTree = "<group>"; };
/* End PBXFileReference section */

/* Begin PBXFrameworksBuildPhase section */
		5974F5D9251266C000351AB2 /* Frameworks */ = {
			isa = PBXFrameworksBuildPhase;
			buildActionMask = 2147483647;
			files = (
				59BC48BD251792470024CDC5 /* ImplusPurchases.framework in Frameworks */,
			);
			runOnlyForDeploymentPostprocessing = 0;
		};
/* End PBXFrameworksBuildPhase section */

/* Begin PBXGroup section */
		5922251225126828002724A8 /* Framework */ = {
			isa = PBXGroup;
			children = (
				59BC48BC251792470024CDC5 /* ImplusPurchases.framework */,
			);
			path = Framework;
			sourceTree = "<group>";
		};
		5974F5D3251266C000351AB2 = {
			isa = PBXGroup;
			children = (
				5974F5DE251266C000351AB2 /* ImplusPurchasesSDK */,
				5974F5DD251266C000351AB2 /* Products */,
				EF213373717884A16C603D28 /* Pods */,
				8C7DF41DCA4EFFF0CB79FAA6 /* Frameworks */,
			);
			sourceTree = "<group>";
		};
		5974F5DD251266C000351AB2 /* Products */ = {
			isa = PBXGroup;
			children = (
				5974F5DC251266C000351AB2 /* ImplusPurchasesSDK.app */,
			);
			name = Products;
			sourceTree = "<group>";
		};
		5974F5DE251266C000351AB2 /* ImplusPurchasesSDK */ = {
			isa = PBXGroup;
			children = (
				5922251225126828002724A8 /* Framework */,
				5974F5DF251266C000351AB2 /* AppDelegate.h */,
				5974F5E0251266C000351AB2 /* AppDelegate.m */,
				5974F5E2251266C000351AB2 /* SceneDelegate.h */,
				5974F5E3251266C000351AB2 /* SceneDelegate.m */,
				5974F5E5251266C000351AB2 /* ViewController.h */,
				5974F5E6251266C000351AB2 /* ViewController.m */,
				5974F5E8251266C000351AB2 /* Main.storyboard */,
				5974F5EB251266C200351AB2 /* Assets.xcassets */,
				5974F5ED251266C200351AB2 /* LaunchScreen.storyboard */,
				5974F5F0251266C200351AB2 /* Info.plist */,
				5974F5F1251266C200351AB2 /* main.m */,
			);
			path = ImplusPurchasesSDK;
			sourceTree = "<group>";
		};
		8C7DF41DCA4EFFF0CB79FAA6 /* Frameworks */ = {
			isa = PBXGroup;
			children = (
				856A990B9CF85EC6C3FB962E /* Pods_ImplusPurchasesSDK.framework */,
			);
			name = Frameworks;
			sourceTree = "<group>";
		};
		EF213373717884A16C603D28 /* Pods */ = {
			isa = PBXGroup;
			children = (
				4F14950807B2135AB02149AD /* Pods-ImplusPurchasesSDK.debug.xcconfig */,
				F4E154E3417BBE700EC134F7 /* Pods-ImplusPurchasesSDK.release.xcconfig */,
			);
			path = Pods;
			sourceTree = "<group>";
		};
/* End PBXGroup section */

/* Begin PBXNativeTarget section */
		5974F5DB251266C000351AB2 /* ImplusPurchasesSDK */ = {
			isa = PBXNativeTarget;
			buildConfigurationList = 5974F5F5251266C200351AB2 /* Build configuration list for PBXNativeTarget "ImplusPurchasesSDK" */;
			buildPhases = (
				9576A25B0B2AB1481DC50BA3 /* [CP] Check Pods Manifest.lock */,
				5974F5D8251266C000351AB2 /* Sources */,
				5974F5D9251266C000351AB2 /* Frameworks */,
				5974F5DA251266C000351AB2 /* Resources */,
				5922251725127F35002724A8 /* Embed Frameworks */,
				2A61891B6EED337E74A7ECFD /* [CP] Embed Pods Frameworks */,
			);
			buildRules = (
			);
			dependencies = (
			);
			name = ImplusPurchasesSDK;
			productName = ImplusPurchasesSDK;
			productReference = 5974F5DC251266C000351AB2 /* ImplusPurchasesSDK.app */;
			productType = "com.apple.product-type.application";
		};
/* End PBXNativeTarget section */

/* Begin PBXProject section */
		5974F5D4251266C000351AB2 /* Project object */ = {
			isa = PBXProject;
			attributes = {
				LastUpgradeCheck = 1160;
				ORGANIZATIONNAME = Implus.co;
				TargetAttributes = {
					5974F5DB251266C000351AB2 = {
						CreatedOnToolsVersion = 11.6;
					};
				};
			};
			buildConfigurationList = 5974F5D7251266C000351AB2 /* Build configuration list for PBXProject "ImplusPurchasesSDK" */;
			compatibilityVersion = "Xcode 9.3";
			developmentRegion = en;
			hasScannedForEncodings = 0;
			knownRegions = (
				en,
				Base,
			);
			mainGroup = 5974F5D3251266C000351AB2;
			productRefGroup = 5974F5DD251266C000351AB2 /* Products */;
			projectDirPath = "";
			projectRoot = "";
			targets = (
				5974F5DB251266C000351AB2 /* ImplusPurchasesSDK */,
			);
		};
/* End PBXProject section */

/* Begin PBXResourcesBuildPhase section */
		5974F5DA251266C000351AB2 /* Resources */ = {
			isa = PBXResourcesBuildPhase;
			buildActionMask = 2147483647;
			files = (
				5974F5EF251266C200351AB2 /* LaunchScreen.storyboard in Resources */,
				5974F5EC251266C200351AB2 /* Assets.xcassets in Resources */,
				5974F5EA251266C000351AB2 /* Main.storyboard in Resources */,
			);
			runOnlyForDeploymentPostprocessing = 0;
		};
/* End PBXResourcesBuildPhase section */

/* Begin PBXShellScriptBuildPhase section */
		2A61891B6EED337E74A7ECFD /* [CP] Embed Pods Frameworks */ = {
			isa = PBXShellScriptBuildPhase;
			buildActionMask = 2147483647;
			files = (
			);
			inputFileListPaths = (
				"${PODS_ROOT}/Target Support Files/Pods-ImplusPurchasesSDK/Pods-ImplusPurchasesSDK-frameworks-${CONFIGURATION}-input-files.xcfilelist",
			);
			name = "[CP] Embed Pods Frameworks";
			outputFileListPaths = (
				"${PODS_ROOT}/Target Support Files/Pods-ImplusPurchasesSDK/Pods-ImplusPurchasesSDK-frameworks-${CONFIGURATION}-output-files.xcfilelist",
			);
			runOnlyForDeploymentPostprocessing = 0;
			shellPath = /bin/sh;
			shellScript = "\"${PODS_ROOT}/Target Support Files/Pods-ImplusPurchasesSDK/Pods-ImplusPurchasesSDK-frameworks.sh\"\n";
			showEnvVarsInLog = 0;
		};
		9576A25B0B2AB1481DC50BA3 /* [CP] Check Pods Manifest.lock */ = {
			isa = PBXShellScriptBuildPhase;
			buildActionMask = 2147483647;
			files = (
			);
			inputFileListPaths = (
			);
			inputPaths = (
				"${PODS_PODFILE_DIR_PATH}/Podfile.lock",
				"${PODS_ROOT}/Manifest.lock",
			);
			name = "[CP] Check Pods Manifest.lock";
			outputFileListPaths = (
			);
			outputPaths = (
				"$(DERIVED_FILE_DIR)/Pods-ImplusPurchasesSDK-checkManifestLockResult.txt",
			);
			runOnlyForDeploymentPostprocessing = 0;
			shellPath = /bin/sh;
			shellScript = "diff \"${PODS_PODFILE_DIR_PATH}/Podfile.lock\" \"${PODS_ROOT}/Manifest.lock\" > /dev/null\nif [ $? != 0 ] ; then\n    # print error to STDERR\n    echo \"error: The sandbox is not in sync with the Podfile.lock. Run 'pod install' or update your CocoaPods installation.\" >&2\n    exit 1\nfi\n# This output is used by Xcode 'outputs' to avoid re-running this script phase.\necho \"SUCCESS\" > \"${SCRIPT_OUTPUT_FILE_0}\"\n";
			showEnvVarsInLog = 0;
		};
/* End PBXShellScriptBuildPhase section */

/* Begin PBXSourcesBuildPhase section */
		5974F5D8251266C000351AB2 /* Sources */ = {
			isa = PBXSourcesBuildPhase;
			buildActionMask = 2147483647;
			files = (
				5974F5E7251266C000351AB2 /* ViewController.m in Sources */,
				5974F5E1251266C000351AB2 /* AppDelegate.m in Sources */,
				5974F5F2251266C200351AB2 /* main.m in Sources */,
				5974F5E4251266C000351AB2 /* SceneDelegate.m in Sources */,
			);
			runOnlyForDeploymentPostprocessing = 0;
		};
/* End PBXSourcesBuildPhase section */

/* Begin PBXVariantGroup section */
		5974F5E8251266C000351AB2 /* Main.storyboard */ = {
			isa = PBXVariantGroup;
			children = (
				5974F5E9251266C000351AB2 /* Base */,
			);
			name = Main.storyboard;
			sourceTree = "<group>";
		};
		5974F5ED251266C200351AB2 /* LaunchScreen.storyboard */ = {
			isa = PBXVariantGroup;
			children = (
				5974F5EE251266C200351AB2 /* Base */,
			);
			name = LaunchScreen.storyboard;
			sourceTree = "<group>";
		};
/* End PBXVariantGroup section */

/* Begin XCBuildConfiguration section */
		5974F5F3251266C200351AB2 /* Debug */ = {
			isa = XCBuildConfiguration;
			buildSettings = {
				ALWAYS_SEARCH_USER_PATHS = NO;
				CLANG_ANALYZER_NONNULL = YES;
				CLANG_ANALYZER_NUMBER_OBJECT_CONVERSION = YES_AGGRESSIVE;
				CLANG_CXX_LANGUAGE_STANDARD = "gnu++14";
				CLANG_CXX_LIBRARY = "libc++";
				CLANG_ENABLE_MODULES = YES;
				CLANG_ENABLE_OBJC_ARC = YES;
				CLANG_ENABLE_OBJC_WEAK = YES;
				CLANG_WARN_BLOCK_CAPTURE_AUTORELEASING = YES;
				CLANG_WARN_BOOL_CONVERSION = YES;
				CLANG_WARN_COMMA = YES;
				CLANG_WARN_CONSTANT_CONVERSION = YES;
				CLANG_WARN_DEPRECATED_OBJC_IMPLEMENTATIONS = YES;
				CLANG_WARN_DIRECT_OBJC_ISA_USAGE = YES_ERROR;
				CLANG_WARN_DOCUMENTATION_COMMENTS = YES;
				CLANG_WARN_EMPTY_BODY = YES;
				CLANG_WARN_ENUM_CONVERSION = YES;
				CLANG_WARN_INFINITE_RECURSION = YES;
				CLANG_WARN_INT_CONVERSION = YES;
				CLANG_WARN_NON_LITERAL_NULL_CONVERSION = YES;
				CLANG_WARN_OBJC_IMPLICIT_RETAIN_SELF = YES;
				CLANG_WARN_OBJC_LITERAL_CONVERSION = YES;
				CLANG_WARN_OBJC_ROOT_CLASS = YES_ERROR;
				CLANG_WARN_RANGE_LOOP_ANALYSIS = YES;
				CLANG_WARN_STRICT_PROTOTYPES = YES;
				CLANG_WARN_SUSPICIOUS_MOVE = YES;
				CLANG_WARN_UNGUARDED_AVAILABILITY = YES_AGGRESSIVE;
				CLANG_WARN_UNREACHABLE_CODE = YES;
				CLANG_WARN__DUPLICATE_METHOD_MATCH = YES;
				COPY_PHASE_STRIP = NO;
				DEBUG_INFORMATION_FORMAT = dwarf;
				ENABLE_STRICT_OBJC_MSGSEND = YES;
				ENABLE_TESTABILITY = YES;
				GCC_C_LANGUAGE_STANDARD = gnu11;
				GCC_DYNAMIC_NO_PIC = NO;
				GCC_NO_COMMON_BLOCKS = YES;
				GCC_OPTIMIZATION_LEVEL = 0;
				GCC_PREPROCESSOR_DEFINITIONS = (
					"DEBUG=1",
					"$(inherited)",
				);
				GCC_WARN_64_TO_32_BIT_CONVERSION = YES;
				GCC_WARN_ABOUT_RETURN_TYPE = YES_ERROR;
				GCC_WARN_UNDECLARED_SELECTOR = YES;
				GCC_WARN_UNINITIALIZED_AUTOS = YES_AGGRESSIVE;
				GCC_WARN_UNUSED_FUNCTION = YES;
				GCC_WARN_UNUSED_VARIABLE = YES;
				IPHONEOS_DEPLOYMENT_TARGET = 13.6;
				MTL_ENABLE_DEBUG_INFO = INCLUDE_SOURCE;
				MTL_FAST_MATH = YES;
				ONLY_ACTIVE_ARCH = YES;
				SDKROOT = iphoneos;
			};
			name = Debug;
		};
		5974F5F4251266C200351AB2 /* Release */ = {
			isa = XCBuildConfiguration;
			buildSettings = {
				ALWAYS_SEARCH_USER_PATHS = NO;
				CLANG_ANALYZER_NONNULL = YES;
				CLANG_ANALYZER_NUMBER_OBJECT_CONVERSION = YES_AGGRESSIVE;
				CLANG_CXX_LANGUAGE_STANDARD = "gnu++14";
				CLANG_CXX_LIBRARY = "libc++";
				CLANG_ENABLE_MODULES = YES;
				CLANG_ENABLE_OBJC_ARC = YES;
				CLANG_ENABLE_OBJC_WEAK = YES;
				CLANG_WARN_BLOCK_CAPTURE_AUTORELEASING = YES;
				CLANG_WARN_BOOL_CONVERSION = YES;
				CLANG_WARN_COMMA = YES;
				CLANG_WARN_CONSTANT_CONVERSION = YES;
				CLANG_WARN_DEPRECATED_OBJC_IMPLEMENTATIONS = YES;
				CLANG_WARN_DIRECT_OBJC_ISA_USAGE = YES_ERROR;
				CLANG_WARN_DOCUMENTATION_COMMENTS = YES;
				CLANG_WARN_EMPTY_BODY = YES;
				CLANG_WARN_ENUM_CONVERSION = YES;
				CLANG_WARN_INFINITE_RECURSION = YES;
				CLANG_WARN_INT_CONVERSION = YES;
				CLANG_WARN_NON_LITERAL_NULL_CONVERSION = YES;
				CLANG_WARN_OBJC_IMPLICIT_RETAIN_SELF = YES;
				CLANG_WARN_OBJC_LITERAL_CONVERSION = YES;
				CLANG_WARN_OBJC_ROOT_CLASS = YES_ERROR;
				CLANG_WARN_RANGE_LOOP_ANALYSIS = YES;
				CLANG_WARN_STRICT_PROTOTYPES = YES;
				CLANG_WARN_SUSPICIOUS_MOVE = YES;
				CLANG_WARN_UNGUARDED_AVAILABILITY = YES_AGGRESSIVE;
				CLANG_WARN_UNREACHABLE_CODE = YES;
				CLANG_WARN__DUPLICATE_METHOD_MATCH = YES;
				COPY_PHASE_STRIP = NO;
				DEBUG_INFORMATION_FORMAT = "dwarf-with-dsym";
				ENABLE_NS_ASSERTIONS = NO;
				ENABLE_STRICT_OBJC_MSGSEND = YES;
				GCC_C_LANGUAGE_STANDARD = gnu11;
				GCC_NO_COMMON_BLOCKS = YES;
				GCC_WARN_64_TO_32_BIT_CONVERSION = YES;
				GCC_WARN_ABOUT_RETURN_TYPE = YES_ERROR;
				GCC_WARN_UNDECLARED_SELECTOR = YES;
				GCC_WARN_UNINITIALIZED_AUTOS = YES_AGGRESSIVE;
				GCC_WARN_UNUSED_FUNCTION = YES;
				GCC_WARN_UNUSED_VARIABLE = YES;
				IPHONEOS_DEPLOYMENT_TARGET = 13.6;
				MTL_ENABLE_DEBUG_INFO = NO;
				MTL_FAST_MATH = YES;
				SDKROOT = iphoneos;
				VALIDATE_PRODUCT = YES;
			};
			name = Release;
		};
		5974F5F6251266C200351AB2 /* Debug */ = {
			isa = XCBuildConfiguration;
			baseConfigurationReference = 4F14950807B2135AB02149AD /* Pods-ImplusPurchasesSDK.debug.xcconfig */;
			buildSettings = {
				ASSETCATALOG_COMPILER_APPICON_NAME = AppIcon;
				CODE_SIGN_STYLE = Automatic;
				DEVELOPMENT_TEAM = RR8V5WNFSV;
				FRAMEWORK_SEARCH_PATHS = (
					"$(inherited)",
					"$(PROJECT_DIR)/ImplusPurchasesSDK/Framework",
				);
				INFOPLIST_FILE = ImplusPurchasesSDK/Info.plist;
				IPHONEOS_DEPLOYMENT_TARGET = 9.0;
				LD_RUNPATH_SEARCH_PATHS = (
					"$(inherited)",
					"@executable_path/Frameworks",
				);
				PRODUCT_BUNDLE_IDENTIFIER = com.stopmotion.subtest;
				PRODUCT_NAME = "$(TARGET_NAME)";
				TARGETED_DEVICE_FAMILY = "1,2";
			};
			name = Debug;
		};
		5974F5F7251266C200351AB2 /* Release */ = {
			isa = XCBuildConfiguration;
			baseConfigurationReference = F4E154E3417BBE700EC134F7 /* Pods-ImplusPurchasesSDK.release.xcconfig */;
			buildSettings = {
				ASSETCATALOG_COMPILER_APPICON_NAME = AppIcon;
				CODE_SIGN_STYLE = Automatic;
				DEVELOPMENT_TEAM = RR8V5WNFSV;
				FRAMEWORK_SEARCH_PATHS = (
					"$(inherited)",
					"$(PROJECT_DIR)/ImplusPurchasesSDK/Framework",
				);
				INFOPLIST_FILE = ImplusPurchasesSDK/Info.plist;
				IPHONEOS_DEPLOYMENT_TARGET = 9.0;
				LD_RUNPATH_SEARCH_PATHS = (
					"$(inherited)",
					"@executable_path/Frameworks",
				);
				PRODUCT_BUNDLE_IDENTIFIER = com.stopmotion.subtest;
				PRODUCT_NAME = "$(TARGET_NAME)";
				TARGETED_DEVICE_FAMILY = "1,2";
			};
			name = Release;
		};
/* End XCBuildConfiguration section */

/* Begin XCConfigurationList section */
		5974F5D7251266C000351AB2 /* Build configuration list for PBXProject "ImplusPurchasesSDK" */ = {
			isa = XCConfigurationList;
			buildConfigurations = (
				5974F5F3251266C200351AB2 /* Debug */,
				5974F5F4251266C200351AB2 /* Release */,
			);
			defaultConfigurationIsVisible = 0;
			defaultConfigurationName = Release;
		};
		5974F5F5251266C200351AB2 /* Build configuration list for PBXNativeTarget "ImplusPurchasesSDK" */ = {
			isa = XCConfigurationList;
			buildConfigurations = (
				5974F5F6251266C200351AB2 /* Debug */,
				5974F5F7251266C200351AB2 /* Release */,
			);
			defaultConfigurationIsVisible = 0;
			defaultConfigurationName = Release;
		};
/* End XCConfigurationList section */
	};
	rootObject = 5974F5D4251266C000351AB2 /* Project object */;
}
